
Microsoft Visual Studio Solution File, Format Version 12.00
# Visual Studio Version 16
VisualStudioVersion = 16.0.32602.291
MinimumVisualStudioVersion = 10.0.40219.1
Project("{FAE04EC0-301F-11D3-BF4B-00C04F79EFBC}") = "eTicketsIII", "eTicketsIII\eTicketsIII.csproj", "{99795301-4DCD-46A8-A90F-24389B8A7454}"
EndProject
Global
	GlobalSection(SolutionConfigurationPlatforms) = preSolution
		Debug|Any CPU = Debug|Any CPU
		Release|Any CPU = Release|Any CPU
	EndGlobalSection
	GlobalSection(ProjectConfigurationPlatforms) = postSolution
		{99795301-4DCD-46A8-A90F-24389B8A7454}.Debug|Any CPU.ActiveCfg = Debug|Any CPU
		{99795301-4DCD-46A8-A90F-24389B8A7454}.Debug|Any CPU.Build.0 = Debug|Any CPU
		{99795301-4DCD-46A8-A90F-24389B8A7454}.Release|Any CPU.ActiveCfg = Release|Any CPU
		{99795301-4DCD-46A8-A90F-24389B8A7454}.Release|Any CPU.Build.0 = Release|Any CPU
	EndGlobalSection
	GlobalSection(SolutionProperties) = preSolution
		HideSolutionNode = FALSE
	EndGlobalSection
	GlobalSection(ExtensibilityGlobals) = postSolution
		SolutionGuid = {D96F324E-19A2-445F-908E-F3B6D4559B84}
	EndGlobalSection
EndGlobal
